
Microsoft Visual Studio Solution File, Format Version 12.00
# Visual Studio Version 16
VisualStudioVersion = 16.0.30503.244
MinimumVisualStudioVersion = 10.0.40219.1
Project("{888888A0-9F3D-457C-B088-3A5042F75D52}") = "template", "template.pyproj", "{89A1A1CE-F16A-459F-A102-0E6D0DF7E70A}"
EndProject
Global
	GlobalSection(SolutionConfigurationPlatforms) = preSolution
		Debug|Any CPU = Debug|Any CPU
		Release|Any CPU = Release|Any CPU
	EndGlobalSection
	GlobalSection(ProjectConfigurationPlatforms) = postSolution
		{89A1A1CE-F16A-459F-A102-0E6D0DF7E70A}.Debug|Any CPU.ActiveCfg = Debug|Any CPU
		{89A1A1CE-F16A-459F-A102-0E6D0DF7E70A}.Release|Any CPU.ActiveCfg = Release|Any CPU
	EndGlobalSection
	GlobalSection(SolutionProperties) = preSolution
		HideSolutionNode = FALSE
	EndGlobalSection
	GlobalSection(ExtensibilityGlobals) = postSolution
		SolutionGuid = {7948CDC6-9E43-4428-B0F4-89E762B0EDCD}
	EndGlobalSection
EndGlobal
